// !$*UTF8*$!
{
	archiveVersion = 1;
	classes = {
	};
	objectVersion = 46;
	objects = {

/* Begin PBXBuildFile section */
		95AFCC601F72635D00973DD7 /* main.m in Sources */ = {isa = PBXBuildFile; fileRef = 95AFCC5F1F72635D00973DD7 /* main.m */; };
		95AFCC681F726AD400973DD7 /* FakeObserver.m in Sources */ = {isa = PBXBuildFile; fileRef = 95AFCC671F726AD400973DD7 /* FakeObserver.m */; };
		95AFCC6E1F726D4E00973DD7 /* FakeSubObserver.m in Sources */ = {isa = PBXBuildFile; fileRef = 95AFCC6D1F726D4E00973DD7 /* FakeSubObserver.m */; };
/* End PBXBuildFile section */

/* Begin PBXCopyFilesBuildPhase section */
		95AFCC5A1F72635D00973DD7 /* CopyFiles */ = {
			isa = PBXCopyFilesBuildPhase;
			buildActionMask = 2147483647;
			dstPath = /usr/share/man/man1/;
			dstSubfolderSpec = 0;
			files = (
			);
			runOnlyForDeploymentPostprocessing = 1;
		};
/* End PBXCopyFilesBuildPhase section */

/* Begin PBXFileReference section */
		95AFCC5C1F72635D00973DD7 /* KVOTechniqueDetail */ = {isa = PBXFileReference; explicitFileType = "compiled.mach-o.executable"; includeInIndex = 0; path = KVOTechniqueDetail; sourceTree = BUILT_PRODUCTS_DIR; };
		95AFCC5F1F72635D00973DD7 /* main.m */ = {isa = PBXFileReference; lastKnownFileType = sourcecode.c.objc; path = main.m; sourceTree = "<group>"; };
		95AFCC661F726AD400973DD7 /* FakeObserver.h */ = {isa = PBXFileReference; fileEncoding = 4; lastKnownFileType = sourcecode.c.h; path = FakeObserver.h; sourceTree = "<group>"; };
		95AFCC671F726AD400973DD7 /* FakeObserver.m */ = {isa = PBXFileReference; fileEncoding = 4; lastKnownFileType = sourcecode.c.objc; path = FakeObserver.m; sourceTree = "<group>"; };
		95AFCC6C1F726D4E00973DD7 /* FakeSubObserver.h */ = {isa = PBXFileReference; fileEncoding = 4; lastKnownFileType = sourcecode.c.h; path = FakeSubObserver.h; sourceTree = "<group>"; };
		95AFCC6D1F726D4E00973DD7 /* FakeSubObserver.m */ = {isa = PBXFileReference; fileEncoding = 4; lastKnownFileType = sourcecode.c.objc; path = FakeSubObserver.m; sourceTree = "<group>"; };
/* End PBXFileReference section */

/* Begin PBXFrameworksBuildPhase section */
		95AFCC591F72635D00973DD7 /* Frameworks */ = {
			isa = PBXFrameworksBuildPhase;
			buildActionMask = 2147483647;
			files = (
			);
			runOnlyForDeploymentPostprocessing = 0;
		};
/* End PBXFrameworksBuildPhase section */

/* Begin PBXGroup section */
		95AFCC531F72635D00973DD7 = {
			isa = PBXGroup;
			children = (
				95AFCC5E1F72635D00973DD7 /* KVOTechniqueDetail */,
				95AFCC5D1F72635D00973DD7 /* Products */,
			);
			sourceTree = "<group>";
		};
		95AFCC5D1F72635D00973DD7 /* Products */ = {
			isa = PBXGroup;
			children = (
				95AFCC5C1F72635D00973DD7 /* KVOTechniqueDetail */,
			);
			name = Products;
			sourceTree = "<group>";
		};
		95AFCC5E1F72635D00973DD7 /* KVOTechniqueDetail */ = {
			isa = PBXGroup;
			children = (
				95AFCC5F1F72635D00973DD7 /* main.m */,
				95AFCC661F726AD400973DD7 /* FakeObserver.h */,
				95AFCC671F726AD400973DD7 /* FakeObserver.m */,
				95AFCC6C1F726D4E00973DD7 /* FakeSubObserver.h */,
				95AFCC6D1F726D4E00973DD7 /* FakeSubObserver.m */,
			);
			path = KVOTechniqueDetail;
			sourceTree = "<group>";
		};
/* End PBXGroup section */

/* Begin PBXNativeTarget section */
		95AFCC5B1F72635D00973DD7 /* KVOTechniqueDetail */ = {
			isa = PBXNativeTarget;
			buildConfigurationList = 95AFCC631F72635D00973DD7 /* Build configuration list for PBXNativeTarget "KVOTechniqueDetail" */;
			buildPhases = (
				95AFCC581F72635D00973DD7 /* Sources */,
				95AFCC591F72635D00973DD7 /* Frameworks */,
				95AFCC5A1F72635D00973DD7 /* CopyFiles */,
			);
			buildRules = (
			);
			dependencies = (
			);
			name = KVOTechniqueDetail;
			productName = KVOTechniqueDetail;
			productReference = 95AFCC5C1F72635D00973DD7 /* KVOTechniqueDetail */;
			productType = "com.apple.product-type.tool";
		};
/* End PBXNativeTarget section */

/* Begin PBXProject section */
		95AFCC541F72635D00973DD7 /* Project object */ = {
			isa = PBXProject;
			attributes = {
				LastUpgradeCheck = 0830;
				ORGANIZATIONNAME = "赵白杨";
				TargetAttributes = {
					95AFCC5B1F72635D00973DD7 = {
						CreatedOnToolsVersion = 8.3.3;
						ProvisioningStyle = Automatic;
					};
				};
			};
			buildConfigurationList = 95AFCC571F72635D00973DD7 /* Build configuration list for PBXProject "KVOTechniqueDetail" */;
			compatibilityVersion = "Xcode 3.2";
			developmentRegion = English;
			hasScannedForEncodings = 0;
			knownRegions = (
				en,
			);
			mainGroup = 95AFCC531F72635D00973DD7;
			productRefGroup = 95AFCC5D1F72635D00973DD7 /* Products */;
			projectDirPath = "";
			projectRoot = "";
			targets = (
				95AFCC5B1F72635D00973DD7 /* KVOTechniqueDetail */,
			);
		};
/* End PBXProject section */

/* Begin PBXSourcesBuildPhase section */
		95AFCC581F72635D00973DD7 /* Sources */ = {
			isa = PBXSourcesBuildPhase;
			buildActionMask = 2147483647;
			files = (
				95AFCC681F726AD400973DD7 /* FakeObserver.m in Sources */,
				95AFCC6E1F726D4E00973DD7 /* FakeSubObserver.m in Sources */,
				95AFCC601F72635D00973DD7 /* main.m in Sources */,
			);
			runOnlyForDeploymentPostprocessing = 0;
		};
/* End PBXSourcesBuildPhase section */

/* Begin XCBuildConfiguration section */
		95AFCC611F72635D00973DD7 /* Debug */ = {
			isa = XCBuildConfiguration;
			buildSettings = {
				ALWAYS_SEARCH_USER_PATHS = NO;
				CLANG_ANALYZER_NONNULL = YES;
				CLANG_ANALYZER_NUMBER_OBJECT_CONVERSION = YES_AGGRESSIVE;
				CLANG_CXX_LANGUAGE_STANDARD = "gnu++0x";
				CLANG_CXX_LIBRARY = "libc++";
				CLANG_ENABLE_MODULES = YES;
				CLANG_ENABLE_OBJC_ARC = YES;
				CLANG_WARN_BOOL_CONVERSION = YES;
				CLANG_WARN_CONSTANT_CONVERSION = YES;
				CLANG_WARN_DIRECT_OBJC_ISA_USAGE = YES_ERROR;
				CLANG_WARN_DOCUMENTATION_COMMENTS = YES;
				CLANG_WARN_EMPTY_BODY = YES;
				CLANG_WARN_ENUM_CONVERSION = YES;
				CLANG_WARN_INFINITE_RECURSION = YES;
				CLANG_WARN_INT_CONVERSION = YES;
				CLANG_WARN_OBJC_ROOT_CLASS = YES_ERROR;
				CLANG_WARN_SUSPICIOUS_MOVE = YES;
				CLANG_WARN_UNREACHABLE_CODE = YES;
				CLANG_WARN__DUPLICATE_METHOD_MATCH = YES;
				CODE_SIGN_IDENTITY = "-";
				COPY_PHASE_STRIP = NO;
				DEBUG_INFORMATION_FORMAT = dwarf;
				ENABLE_STRICT_OBJC_MSGSEND = YES;
				ENABLE_TESTABILITY = YES;
				GCC_C_LANGUAGE_STANDARD = gnu99;
				GCC_DYNAMIC_NO_PIC = NO;
				GCC_NO_COMMON_BLOCKS = YES;
				GCC_OPTIMIZATION_LEVEL = 0;
				GCC_PREPROCESSOR_DEFINITIONS = (
					"DEBUG=1",
					"$(inherited)",
				);
				GCC_WARN_64_TO_32_BIT_CONVERSION = YES;
				GCC_WARN_ABOUT_RETURN_TYPE = YES_ERROR;
				GCC_WARN_UNDECLARED_SELECTOR = YES;
				GCC_WARN_UNINITIALIZED_AUTOS = YES_AGGRESSIVE;
				GCC_WARN_UNUSED_FUNCTION = YES;
				GCC_WARN_UNUSED_VARIABLE = YES;
				MACOSX_DEPLOYMENT_TARGET = 10.12;
				MTL_ENABLE_DEBUG_INFO = YES;
				ONLY_ACTIVE_ARCH = YES;
				SDKROOT = macosx;
			};
			name = Debug;
		};
		95AFCC621F72635D00973DD7 /* Release */ = {
			isa = XCBuildConfiguration;
			buildSettings = {
				ALWAYS_SEARCH_USER_PATHS = NO;
				CLANG_ANALYZER_NONNULL = YES;
				CLANG_ANALYZER_NUMBER_OBJECT_CONVERSION = YES_AGGRESSIVE;
				CLANG_CXX_LANGUAGE_STANDARD = "gnu++0x";
				CLANG_CXX_LIBRARY = "libc++";
				CLANG_ENABLE_MODULES = YES;
				CLANG_ENABLE_OBJC_ARC = YES;
				CLANG_WARN_BOOL_CONVERSION = YES;
				CLANG_WARN_CONSTANT_CONVERSION = YES;
				CLANG_WARN_DIRECT_OBJC_ISA_USAGE = YES_ERROR;
				CLANG_WARN_DOCUMENTATION_COMMENTS = YES;
				CLANG_WARN_EMPTY_BODY = YES;
				CLANG_WARN_ENUM_CONVERSION = YES;
				CLANG_WARN_INFINITE_RECURSION = YES;
				CLANG_WARN_INT_CONVERSION = YES;
				CLANG_WARN_OBJC_ROOT_CLASS = YES_ERROR;
				CLANG_WARN_SUSPICIOUS_MOVE = YES;
				CLANG_WARN_UNREACHABLE_CODE = YES;
				CLANG_WARN__DUPLICATE_METHOD_MATCH = YES;
				CODE_SIGN_IDENTITY = "-";
				COPY_PHASE_STRIP = NO;
				DEBUG_INFORMATION_FORMAT = "dwarf-with-dsym";
				ENABLE_NS_ASSERTIONS = NO;
				ENABLE_STRICT_OBJC_MSGSEND = YES;
				GCC_C_LANGUAGE_STANDARD = gnu99;
				GCC_NO_COMMON_BLOCKS = YES;
				GCC_WARN_64_TO_32_BIT_CONVERSION = YES;
				GCC_WARN_ABOUT_RETURN_TYPE = YES_ERROR;
				GCC_WARN_UNDECLARED_SELECTOR = YES;
				GCC_WARN_UNINITIALIZED_AUTOS = YES_AGGRESSIVE;
				GCC_WARN_UNUSED_FUNCTION = YES;
				GCC_WARN_UNUSED_VARIABLE = YES;
				MACOSX_DEPLOYMENT_TARGET = 10.12;
				MTL_ENABLE_DEBUG_INFO = NO;
				SDKROOT = macosx;
			};
			name = Release;
		};
		95AFCC641F72635D00973DD7 /* Debug */ = {
			isa = XCBuildConfiguration;
			buildSettings = {
				PRODUCT_NAME = "$(TARGET_NAME)";
			};
			name = Debug;
		};
		95AFCC651F72635D00973DD7 /* Release */ = {
			isa = XCBuildConfiguration;
			buildSettings = {
				PRODUCT_NAME = "$(TARGET_NAME)";
			};
			name = Release;
		};
/* End XCBuildConfiguration section */

/* Begin XCConfigurationList section */
		95AFCC571F72635D00973DD7 /* Build configuration list for PBXProject "KVOTechniqueDetail" */ = {
			isa = XCConfigurationList;
			buildConfigurations = (
				95AFCC611F72635D00973DD7 /* Debug */,
				95AFCC621F72635D00973DD7 /* Release */,
			);
			defaultConfigurationIsVisible = 0;
			defaultConfigurationName = Release;
		};
		95AFCC631F72635D00973DD7 /* Build configuration list for PBXNativeTarget "KVOTechniqueDetail" */ = {
			isa = XCConfigurationList;
			buildConfigurations = (
				95AFCC641F72635D00973DD7 /* Debug */,
				95AFCC651F72635D00973DD7 /* Release */,
			);
			defaultConfigurationIsVisible = 0;
		};
/* End XCConfigurationList section */
	};
	rootObject = 95AFCC541F72635D00973DD7 /* Project object */;
}
